
Microsoft Visual Studio Solution File, Format Version 12.00
# Visual Studio Version 17
VisualStudioVersion = 17.10.35027.167
MinimumVisualStudioVersion = 10.0.40219.1
Project("{FAE04EC0-301F-11D3-BF4B-00C04F79EFBC}") = "xadrez-console", "xadrez-console.csproj", "{D0701445-2FA9-4BAA-AB13-874AF4F50C36}"
EndProject
Global
	GlobalSection(SolutionConfigurationPlatforms) = preSolution
		Debug|Any CPU = Debug|Any CPU
		Release|Any CPU = Release|Any CPU
	EndGlobalSection
	GlobalSection(ProjectConfigurationPlatforms) = postSolution
		{D0701445-2FA9-4BAA-AB13-874AF4F50C36}.Debug|Any CPU.ActiveCfg = Debug|Any CPU
		{D0701445-2FA9-4BAA-AB13-874AF4F50C36}.Debug|Any CPU.Build.0 = Debug|Any CPU
		{D0701445-2FA9-4BAA-AB13-874AF4F50C36}.Release|Any CPU.ActiveCfg = Release|Any CPU
		{D0701445-2FA9-4BAA-AB13-874AF4F50C36}.Release|Any CPU.Build.0 = Release|Any CPU
	EndGlobalSection
	GlobalSection(SolutionProperties) = preSolution
		HideSolutionNode = FALSE
	EndGlobalSection
	GlobalSection(ExtensibilityGlobals) = postSolution
		SolutionGuid = {26E5EFDC-8561-4A12-8051-00692A3E3415}
	EndGlobalSection
EndGlobal
